
Microsoft Visual Studio Solution File, Format Version 12.00
# Visual Studio 15
VisualStudioVersion = 15.0.27703.2042
MinimumVisualStudioVersion = 10.0.40219.1
Project("{FAE04EC0-301F-11D3-BF4B-00C04F79EFBC}") = "Mucho-Mungus", "Mucho-Mungus\Mucho-Mungus.csproj", "{ECEC7E8B-4FED-4631-9BF5-AA55CFD9718F}"
EndProject
Global
	GlobalSection(SolutionConfigurationPlatforms) = preSolution
		Debug|Any CPU = Debug|Any CPU
		Release|Any CPU = Release|Any CPU
	EndGlobalSection
	GlobalSection(ProjectConfigurationPlatforms) = postSolution
		{ECEC7E8B-4FED-4631-9BF5-AA55CFD9718F}.Debug|Any CPU.ActiveCfg = Debug|Any CPU
		{ECEC7E8B-4FED-4631-9BF5-AA55CFD9718F}.Debug|Any CPU.Build.0 = Debug|Any CPU
		{ECEC7E8B-4FED-4631-9BF5-AA55CFD9718F}.Release|Any CPU.ActiveCfg = Release|Any CPU
		{ECEC7E8B-4FED-4631-9BF5-AA55CFD9718F}.Release|Any CPU.Build.0 = Release|Any CPU
	EndGlobalSection
	GlobalSection(SolutionProperties) = preSolution
		HideSolutionNode = FALSE
	EndGlobalSection
	GlobalSection(ExtensibilityGlobals) = postSolution
		SolutionGuid = {475D21AE-A837-4AEE-B42D-091FCEB3D3AC}
	EndGlobalSection
EndGlobal
